
Microsoft Visual Studio Solution File, Format Version 12.00
# Visual Studio Version 17
VisualStudioVersion = 17.9.34714.143
MinimumVisualStudioVersion = 10.0.40219.1
Project("{FAE04EC0-301F-11D3-BF4B-00C04F79EFBC}") = "CalculadoraWindows", "CalculadoraWindows.csproj", "{0DDA5AEC-4CFB-429A-8DF2-5401F2D592E5}"
EndProject
Global
	GlobalSection(SolutionConfigurationPlatforms) = preSolution
		Debug|Any CPU = Debug|Any CPU
		Release|Any CPU = Release|Any CPU
	EndGlobalSection
	GlobalSection(ProjectConfigurationPlatforms) = postSolution
		{0DDA5AEC-4CFB-429A-8DF2-5401F2D592E5}.Debug|Any CPU.ActiveCfg = Debug|Any CPU
		{0DDA5AEC-4CFB-429A-8DF2-5401F2D592E5}.Debug|Any CPU.Build.0 = Debug|Any CPU
		{0DDA5AEC-4CFB-429A-8DF2-5401F2D592E5}.Release|Any CPU.ActiveCfg = Release|Any CPU
		{0DDA5AEC-4CFB-429A-8DF2-5401F2D592E5}.Release|Any CPU.Build.0 = Release|Any CPU
	EndGlobalSection
	GlobalSection(SolutionProperties) = preSolution
		HideSolutionNode = FALSE
	EndGlobalSection
	GlobalSection(ExtensibilityGlobals) = postSolution
		SolutionGuid = {FF5E5350-E1B8-46E2-A1C6-1AC94BD39F7E}
	EndGlobalSection
EndGlobal
